
Microsoft Visual Studio Solution File, Format Version 12.00
Project("{FAE04EC0-301F-11D3-BF4B-00C04F79EFBC}") = "PracticWork3", "PracticWork3\PracticWork3.csproj", "{544D1FE7-CDD5-43F3-8F98-8EF93CA7C879}"
EndProject
Global
	GlobalSection(SolutionConfigurationPlatforms) = preSolution
		Debug|Any CPU = Debug|Any CPU
		Release|Any CPU = Release|Any CPU
	EndGlobalSection
	GlobalSection(ProjectConfigurationPlatforms) = postSolution
		{544D1FE7-CDD5-43F3-8F98-8EF93CA7C879}.Debug|Any CPU.ActiveCfg = Debug|Any CPU
		{544D1FE7-CDD5-43F3-8F98-8EF93CA7C879}.Debug|Any CPU.Build.0 = Debug|Any CPU
		{544D1FE7-CDD5-43F3-8F98-8EF93CA7C879}.Release|Any CPU.ActiveCfg = Release|Any CPU
		{544D1FE7-CDD5-43F3-8F98-8EF93CA7C879}.Release|Any CPU.Build.0 = Release|Any CPU
	EndGlobalSection
EndGlobal
