
Microsoft Visual Studio Solution File, Format Version 12.00
Project("{FAE04EC0-301F-11D3-BF4B-00C04F79EFBC}") = "PracticWork5", "PracticWork5\PracticWork5.csproj", "{3E10B6E3-3A09-453C-A0BC-424CB8809ECF}"
EndProject
Global
	GlobalSection(SolutionConfigurationPlatforms) = preSolution
		Debug|Any CPU = Debug|Any CPU
		Release|Any CPU = Release|Any CPU
	EndGlobalSection
	GlobalSection(ProjectConfigurationPlatforms) = postSolution
		{3E10B6E3-3A09-453C-A0BC-424CB8809ECF}.Debug|Any CPU.ActiveCfg = Debug|Any CPU
		{3E10B6E3-3A09-453C-A0BC-424CB8809ECF}.Debug|Any CPU.Build.0 = Debug|Any CPU
		{3E10B6E3-3A09-453C-A0BC-424CB8809ECF}.Release|Any CPU.ActiveCfg = Release|Any CPU
		{3E10B6E3-3A09-453C-A0BC-424CB8809ECF}.Release|Any CPU.Build.0 = Release|Any CPU
	EndGlobalSection
EndGlobal
