
Microsoft Visual Studio Solution File, Format Version 12.00
Project("{FAE04EC0-301F-11D3-BF4B-00C04F79EFBC}") = "PracticWork2", "PracticWork2\PracticWork2.csproj", "{B79349E6-2126-4A38-A4B8-30840469462C}"
EndProject
Global
	GlobalSection(SolutionConfigurationPlatforms) = preSolution
		Debug|Any CPU = Debug|Any CPU
		Release|Any CPU = Release|Any CPU
	EndGlobalSection
	GlobalSection(ProjectConfigurationPlatforms) = postSolution
		{B79349E6-2126-4A38-A4B8-30840469462C}.Debug|Any CPU.ActiveCfg = Debug|Any CPU
		{B79349E6-2126-4A38-A4B8-30840469462C}.Debug|Any CPU.Build.0 = Debug|Any CPU
		{B79349E6-2126-4A38-A4B8-30840469462C}.Release|Any CPU.ActiveCfg = Release|Any CPU
		{B79349E6-2126-4A38-A4B8-30840469462C}.Release|Any CPU.Build.0 = Release|Any CPU
	EndGlobalSection
EndGlobal
